
Microsoft Visual Studio Solution File, Format Version 12.00
# Visual Studio Version 17
VisualStudioVersion = 17.7.34221.43
MinimumVisualStudioVersion = 10.0.40219.1
Project("{FAE04EC0-301F-11D3-BF4B-00C04F79EFBC}") = "Nutella.Web", "Nutella.Web\Nutella.Web.csproj", "{1229BEC1-FC5A-4097-8361-0BA0ABC053FE}"
EndProject
Global
	GlobalSection(SolutionConfigurationPlatforms) = preSolution
		Debug|Any CPU = Debug|Any CPU
		Release|Any CPU = Release|Any CPU
	EndGlobalSection
	GlobalSection(ProjectConfigurationPlatforms) = postSolution
		{1229BEC1-FC5A-4097-8361-0BA0ABC053FE}.Debug|Any CPU.ActiveCfg = Debug|Any CPU
		{1229BEC1-FC5A-4097-8361-0BA0ABC053FE}.Debug|Any CPU.Build.0 = Debug|Any CPU
		{1229BEC1-FC5A-4097-8361-0BA0ABC053FE}.Release|Any CPU.ActiveCfg = Release|Any CPU
		{1229BEC1-FC5A-4097-8361-0BA0ABC053FE}.Release|Any CPU.Build.0 = Release|Any CPU
	EndGlobalSection
	GlobalSection(SolutionProperties) = preSolution
		HideSolutionNode = FALSE
	EndGlobalSection
	GlobalSection(ExtensibilityGlobals) = postSolution
		SolutionGuid = {434CFFCB-4E48-47DE-BD37-053D390B7E6A}
	EndGlobalSection
EndGlobal
